
Microsoft Visual Studio Solution File, Format Version 12.00
# Visual Studio 15
VisualStudioVersion = 15.0.28307.329
MinimumVisualStudioVersion = 10.0.40219.1
Project("{00D1A9C2-B5F0-4AF3-8072-F6C62B433612}") = "GladiatrixClub.SQL", "GladiatrixClub.SQL.sqlproj", "{F1D99C64-DEAD-4CF6-AAB3-4087746BA86A}"
EndProject
Global
	GlobalSection(SolutionConfigurationPlatforms) = preSolution
		Debug|Any CPU = Debug|Any CPU
		Release|Any CPU = Release|Any CPU
	EndGlobalSection
	GlobalSection(ProjectConfigurationPlatforms) = postSolution
		{F1D99C64-DEAD-4CF6-AAB3-4087746BA86A}.Debug|Any CPU.ActiveCfg = Debug|Any CPU
		{F1D99C64-DEAD-4CF6-AAB3-4087746BA86A}.Debug|Any CPU.Build.0 = Debug|Any CPU
		{F1D99C64-DEAD-4CF6-AAB3-4087746BA86A}.Debug|Any CPU.Deploy.0 = Debug|Any CPU
		{F1D99C64-DEAD-4CF6-AAB3-4087746BA86A}.Release|Any CPU.ActiveCfg = Release|Any CPU
		{F1D99C64-DEAD-4CF6-AAB3-4087746BA86A}.Release|Any CPU.Build.0 = Release|Any CPU
		{F1D99C64-DEAD-4CF6-AAB3-4087746BA86A}.Release|Any CPU.Deploy.0 = Release|Any CPU
	EndGlobalSection
	GlobalSection(SolutionProperties) = preSolution
		HideSolutionNode = FALSE
	EndGlobalSection
	GlobalSection(ExtensibilityGlobals) = postSolution
		SolutionGuid = {C8003A3F-AB03-4774-87AE-812B9B545533}
	EndGlobalSection
EndGlobal
